
Microsoft Visual Studio Solution File, Format Version 12.00
# Visual Studio Version 17
VisualStudioVersion = 17.6.33815.320
MinimumVisualStudioVersion = 10.0.40219.1
Project("{FAE04EC0-301F-11D3-BF4B-00C04F79EFBC}") = "MoodAnalyzaer", "MoodAnalyzaer\MoodAnalyzaer.csproj", "{2F90FE8F-647D-4164-96C0-2C2FD2F4D8AF}"
EndProject
Project("{FAE04EC0-301F-11D3-BF4B-00C04F79EFBC}") = "TestProject1", "TestProject1\TestProject1.csproj", "{8CCF293E-5383-4699-B9E7-BE52CFA1505E}"
EndProject
Global
	GlobalSection(SolutionConfigurationPlatforms) = preSolution
		Debug|Any CPU = Debug|Any CPU
		Release|Any CPU = Release|Any CPU
	EndGlobalSection
	GlobalSection(ProjectConfigurationPlatforms) = postSolution
		{2F90FE8F-647D-4164-96C0-2C2FD2F4D8AF}.Debug|Any CPU.ActiveCfg = Debug|Any CPU
		{2F90FE8F-647D-4164-96C0-2C2FD2F4D8AF}.Debug|Any CPU.Build.0 = Debug|Any CPU
		{2F90FE8F-647D-4164-96C0-2C2FD2F4D8AF}.Release|Any CPU.ActiveCfg = Release|Any CPU
		{2F90FE8F-647D-4164-96C0-2C2FD2F4D8AF}.Release|Any CPU.Build.0 = Release|Any CPU
		{8CCF293E-5383-4699-B9E7-BE52CFA1505E}.Debug|Any CPU.ActiveCfg = Debug|Any CPU
		{8CCF293E-5383-4699-B9E7-BE52CFA1505E}.Debug|Any CPU.Build.0 = Debug|Any CPU
		{8CCF293E-5383-4699-B9E7-BE52CFA1505E}.Release|Any CPU.ActiveCfg = Release|Any CPU
		{8CCF293E-5383-4699-B9E7-BE52CFA1505E}.Release|Any CPU.Build.0 = Release|Any CPU
	EndGlobalSection
	GlobalSection(SolutionProperties) = preSolution
		HideSolutionNode = FALSE
	EndGlobalSection
	GlobalSection(ExtensibilityGlobals) = postSolution
		SolutionGuid = {F4FA792D-425B-4306-97C9-78FA2D10C996}
	EndGlobalSection
EndGlobal
